
Microsoft Visual Studio Solution File, Format Version 12.00
# Visual Studio Version 16
VisualStudioVersion = 16.6.30114.105
MinimumVisualStudioVersion = 10.0.40219.1
Project("{2150E333-8FDC-42A3-9474-1A3956D46DE8}") = "services", "services", "{9D790826-9DB8-4531-B21E-107467129508}"
EndProject
Project("{2150E333-8FDC-42A3-9474-1A3956D46DE8}") = "Catalog", "Catalog", "{EA582B73-EC22-4F61-BA4A-662525970220}"
EndProject
Project("{FAE04EC0-301F-11D3-BF4B-00C04F79EFBC}") = "Catalog.API", "services\Catalog\Catalog.API\Catalog.API.csproj", "{052ECEF3-05BB-4775-891D-4A7AF7EA7983}"
EndProject
Project("{2150E333-8FDC-42A3-9474-1A3956D46DE8}") = "Basket", "Basket", "{4F12E5B4-1AA3-405A-BDC0-C8A77B6CC612}"
EndProject
Project("{FAE04EC0-301F-11D3-BF4B-00C04F79EFBC}") = "Basket.API", "services\Basket\Basket.API\Basket.API.csproj", "{F6CEE077-3A71-497F-A363-11C038CE1F56}"
EndProject
Project("{2150E333-8FDC-42A3-9474-1A3956D46DE8}") = "Discount", "Discount", "{1DEC3BEC-44E7-4EDF-8BF2-58E82F7B6EB4}"
EndProject
Project("{FAE04EC0-301F-11D3-BF4B-00C04F79EFBC}") = "Discount.API", "services\Discount\Discount.API\Discount.API.csproj", "{4BB0FEB8-66F3-4B9E-886C-210E07063D67}"
EndProject
Project("{FAE04EC0-301F-11D3-BF4B-00C04F79EFBC}") = "Discount.Grpc", "services\Discount\Discount.Grpc\Discount.Grpc.csproj", "{AC460325-3B0D-4454-96E8-055F29BD0B19}"
EndProject
Project("{2150E333-8FDC-42A3-9474-1A3956D46DE8}") = "Ordering", "Ordering", "{502986C1-DEDD-4B1B-B039-9BB7E7770905}"
EndProject
Project("{FAE04EC0-301F-11D3-BF4B-00C04F79EFBC}") = "Ordering.API", "services\Ordering\Ordering.API\Ordering.API.csproj", "{3B2313F9-F25F-49AE-82F6-8C79B42BCBE0}"
EndProject
Project("{FAE04EC0-301F-11D3-BF4B-00C04F79EFBC}") = "Ordering.Domain", "services\Ordering\Ordering.Domain\Ordering.Domain.csproj", "{2577759D-D8BD-45F9-8525-5FF7406B7D5A}"
EndProject
Project("{FAE04EC0-301F-11D3-BF4B-00C04F79EFBC}") = "Ordering.Application", "services\Ordering\Ordering.Application\Ordering.Application.csproj", "{BBE16ECA-1FAB-4CFD-A33B-59A8C4EA16F1}"
EndProject
Project("{FAE04EC0-301F-11D3-BF4B-00C04F79EFBC}") = "Ordering.Infrastructure", "services\Ordering\Ordering.Infrastructure\Ordering.Infrastructure.csproj", "{DD31DEF4-9410-45DF-8079-E24CC500BD8E}"
EndProject
Project("{2150E333-8FDC-42A3-9474-1A3956D46DE8}") = "ApiGateways", "ApiGateways", "{5D4423FD-2339-407F-A6A7-AF766241222F}"
EndProject
Project("{FAE04EC0-301F-11D3-BF4B-00C04F79EFBC}") = "OcelotApiGw", "ApiGateways\OcelotApiGw\OcelotApiGw.csproj", "{7D6D12FD-D3BE-4F8B-85E5-7EF992450626}"
EndProject
Project("{FAE04EC0-301F-11D3-BF4B-00C04F79EFBC}") = "Shopping.Aggregator", "ApiGateways\Shopping.Aggregator\Shopping.Aggregator.csproj", "{419D4834-D298-40B5-B377-D0A39C28CCFA}"
EndProject
Project("{2150E333-8FDC-42A3-9474-1A3956D46DE8}") = "WebApps", "WebApps", "{E92DBCF9-13D8-46B6-AA2E-420CE09BD594}"
EndProject
Project("{FAE04EC0-301F-11D3-BF4B-00C04F79EFBC}") = "AspnetRunBasics", "WebApps\AspnetRunBasics\AspnetRunBasics.csproj", "{21B65BC6-0C7F-42AA-BDA9-78BD9302ABEC}"
EndProject
Global
	GlobalSection(SolutionConfigurationPlatforms) = preSolution
		Debug|Any CPU = Debug|Any CPU
		Debug|x64 = Debug|x64
		Debug|x86 = Debug|x86
		Release|Any CPU = Release|Any CPU
		Release|x64 = Release|x64
		Release|x86 = Release|x86
	EndGlobalSection
	GlobalSection(SolutionProperties) = preSolution
		HideSolutionNode = FALSE
	EndGlobalSection
	GlobalSection(ProjectConfigurationPlatforms) = postSolution
		{052ECEF3-05BB-4775-891D-4A7AF7EA7983}.Debug|Any CPU.ActiveCfg = Debug|Any CPU
		{052ECEF3-05BB-4775-891D-4A7AF7EA7983}.Debug|Any CPU.Build.0 = Debug|Any CPU
		{052ECEF3-05BB-4775-891D-4A7AF7EA7983}.Debug|x64.ActiveCfg = Debug|Any CPU
		{052ECEF3-05BB-4775-891D-4A7AF7EA7983}.Debug|x64.Build.0 = Debug|Any CPU
		{052ECEF3-05BB-4775-891D-4A7AF7EA7983}.Debug|x86.ActiveCfg = Debug|Any CPU
		{052ECEF3-05BB-4775-891D-4A7AF7EA7983}.Debug|x86.Build.0 = Debug|Any CPU
		{052ECEF3-05BB-4775-891D-4A7AF7EA7983}.Release|Any CPU.ActiveCfg = Release|Any CPU
		{052ECEF3-05BB-4775-891D-4A7AF7EA7983}.Release|Any CPU.Build.0 = Release|Any CPU
		{052ECEF3-05BB-4775-891D-4A7AF7EA7983}.Release|x64.ActiveCfg = Release|Any CPU
		{052ECEF3-05BB-4775-891D-4A7AF7EA7983}.Release|x64.Build.0 = Release|Any CPU
		{052ECEF3-05BB-4775-891D-4A7AF7EA7983}.Release|x86.ActiveCfg = Release|Any CPU
		{052ECEF3-05BB-4775-891D-4A7AF7EA7983}.Release|x86.Build.0 = Release|Any CPU
		{F6CEE077-3A71-497F-A363-11C038CE1F56}.Debug|Any CPU.ActiveCfg = Debug|Any CPU
		{F6CEE077-3A71-497F-A363-11C038CE1F56}.Debug|Any CPU.Build.0 = Debug|Any CPU
		{F6CEE077-3A71-497F-A363-11C038CE1F56}.Debug|x64.ActiveCfg = Debug|Any CPU
		{F6CEE077-3A71-497F-A363-11C038CE1F56}.Debug|x64.Build.0 = Debug|Any CPU
		{F6CEE077-3A71-497F-A363-11C038CE1F56}.Debug|x86.ActiveCfg = Debug|Any CPU
		{F6CEE077-3A71-497F-A363-11C038CE1F56}.Debug|x86.Build.0 = Debug|Any CPU
		{F6CEE077-3A71-497F-A363-11C038CE1F56}.Release|Any CPU.ActiveCfg = Release|Any CPU
		{F6CEE077-3A71-497F-A363-11C038CE1F56}.Release|Any CPU.Build.0 = Release|Any CPU
		{F6CEE077-3A71-497F-A363-11C038CE1F56}.Release|x64.ActiveCfg = Release|Any CPU
		{F6CEE077-3A71-497F-A363-11C038CE1F56}.Release|x64.Build.0 = Release|Any CPU
		{F6CEE077-3A71-497F-A363-11C038CE1F56}.Release|x86.ActiveCfg = Release|Any CPU
		{F6CEE077-3A71-497F-A363-11C038CE1F56}.Release|x86.Build.0 = Release|Any CPU
		{4BB0FEB8-66F3-4B9E-886C-210E07063D67}.Debug|Any CPU.ActiveCfg = Debug|Any CPU
		{4BB0FEB8-66F3-4B9E-886C-210E07063D67}.Debug|Any CPU.Build.0 = Debug|Any CPU
		{4BB0FEB8-66F3-4B9E-886C-210E07063D67}.Debug|x64.ActiveCfg = Debug|Any CPU
		{4BB0FEB8-66F3-4B9E-886C-210E07063D67}.Debug|x64.Build.0 = Debug|Any CPU
		{4BB0FEB8-66F3-4B9E-886C-210E07063D67}.Debug|x86.ActiveCfg = Debug|Any CPU
		{4BB0FEB8-66F3-4B9E-886C-210E07063D67}.Debug|x86.Build.0 = Debug|Any CPU
		{4BB0FEB8-66F3-4B9E-886C-210E07063D67}.Release|Any CPU.ActiveCfg = Release|Any CPU
		{4BB0FEB8-66F3-4B9E-886C-210E07063D67}.Release|Any CPU.Build.0 = Release|Any CPU
		{4BB0FEB8-66F3-4B9E-886C-210E07063D67}.Release|x64.ActiveCfg = Release|Any CPU
		{4BB0FEB8-66F3-4B9E-886C-210E07063D67}.Release|x64.Build.0 = Release|Any CPU
		{4BB0FEB8-66F3-4B9E-886C-210E07063D67}.Release|x86.ActiveCfg = Release|Any CPU
		{4BB0FEB8-66F3-4B9E-886C-210E07063D67}.Release|x86.Build.0 = Release|Any CPU
		{AC460325-3B0D-4454-96E8-055F29BD0B19}.Debug|Any CPU.ActiveCfg = Debug|Any CPU
		{AC460325-3B0D-4454-96E8-055F29BD0B19}.Debug|Any CPU.Build.0 = Debug|Any CPU
		{AC460325-3B0D-4454-96E8-055F29BD0B19}.Debug|x64.ActiveCfg = Debug|Any CPU
		{AC460325-3B0D-4454-96E8-055F29BD0B19}.Debug|x64.Build.0 = Debug|Any CPU
		{AC460325-3B0D-4454-96E8-055F29BD0B19}.Debug|x86.ActiveCfg = Debug|Any CPU
		{AC460325-3B0D-4454-96E8-055F29BD0B19}.Debug|x86.Build.0 = Debug|Any CPU
		{AC460325-3B0D-4454-96E8-055F29BD0B19}.Release|Any CPU.ActiveCfg = Release|Any CPU
		{AC460325-3B0D-4454-96E8-055F29BD0B19}.Release|Any CPU.Build.0 = Release|Any CPU
		{AC460325-3B0D-4454-96E8-055F29BD0B19}.Release|x64.ActiveCfg = Release|Any CPU
		{AC460325-3B0D-4454-96E8-055F29BD0B19}.Release|x64.Build.0 = Release|Any CPU
		{AC460325-3B0D-4454-96E8-055F29BD0B19}.Release|x86.ActiveCfg = Release|Any CPU
		{AC460325-3B0D-4454-96E8-055F29BD0B19}.Release|x86.Build.0 = Release|Any CPU
		{3B2313F9-F25F-49AE-82F6-8C79B42BCBE0}.Debug|Any CPU.ActiveCfg = Debug|Any CPU
		{3B2313F9-F25F-49AE-82F6-8C79B42BCBE0}.Debug|Any CPU.Build.0 = Debug|Any CPU
		{3B2313F9-F25F-49AE-82F6-8C79B42BCBE0}.Debug|x64.ActiveCfg = Debug|Any CPU
		{3B2313F9-F25F-49AE-82F6-8C79B42BCBE0}.Debug|x64.Build.0 = Debug|Any CPU
		{3B2313F9-F25F-49AE-82F6-8C79B42BCBE0}.Debug|x86.ActiveCfg = Debug|Any CPU
		{3B2313F9-F25F-49AE-82F6-8C79B42BCBE0}.Debug|x86.Build.0 = Debug|Any CPU
		{3B2313F9-F25F-49AE-82F6-8C79B42BCBE0}.Release|Any CPU.ActiveCfg = Release|Any CPU
		{3B2313F9-F25F-49AE-82F6-8C79B42BCBE0}.Release|Any CPU.Build.0 = Release|Any CPU
		{3B2313F9-F25F-49AE-82F6-8C79B42BCBE0}.Release|x64.ActiveCfg = Release|Any CPU
		{3B2313F9-F25F-49AE-82F6-8C79B42BCBE0}.Release|x64.Build.0 = Release|Any CPU
		{3B2313F9-F25F-49AE-82F6-8C79B42BCBE0}.Release|x86.ActiveCfg = Release|Any CPU
		{3B2313F9-F25F-49AE-82F6-8C79B42BCBE0}.Release|x86.Build.0 = Release|Any CPU
		{2577759D-D8BD-45F9-8525-5FF7406B7D5A}.Debug|Any CPU.ActiveCfg = Debug|Any CPU
		{2577759D-D8BD-45F9-8525-5FF7406B7D5A}.Debug|Any CPU.Build.0 = Debug|Any CPU
		{2577759D-D8BD-45F9-8525-5FF7406B7D5A}.Debug|x64.ActiveCfg = Debug|Any CPU
		{2577759D-D8BD-45F9-8525-5FF7406B7D5A}.Debug|x64.Build.0 = Debug|Any CPU
		{2577759D-D8BD-45F9-8525-5FF7406B7D5A}.Debug|x86.ActiveCfg = Debug|Any CPU
		{2577759D-D8BD-45F9-8525-5FF7406B7D5A}.Debug|x86.Build.0 = Debug|Any CPU
		{2577759D-D8BD-45F9-8525-5FF7406B7D5A}.Release|Any CPU.ActiveCfg = Release|Any CPU
		{2577759D-D8BD-45F9-8525-5FF7406B7D5A}.Release|Any CPU.Build.0 = Release|Any CPU
		{2577759D-D8BD-45F9-8525-5FF7406B7D5A}.Release|x64.ActiveCfg = Release|Any CPU
		{2577759D-D8BD-45F9-8525-5FF7406B7D5A}.Release|x64.Build.0 = Release|Any CPU
		{2577759D-D8BD-45F9-8525-5FF7406B7D5A}.Release|x86.ActiveCfg = Release|Any CPU
		{2577759D-D8BD-45F9-8525-5FF7406B7D5A}.Release|x86.Build.0 = Release|Any CPU
		{BBE16ECA-1FAB-4CFD-A33B-59A8C4EA16F1}.Debug|Any CPU.ActiveCfg = Debug|Any CPU
		{BBE16ECA-1FAB-4CFD-A33B-59A8C4EA16F1}.Debug|Any CPU.Build.0 = Debug|Any CPU
		{BBE16ECA-1FAB-4CFD-A33B-59A8C4EA16F1}.Debug|x64.ActiveCfg = Debug|Any CPU
		{BBE16ECA-1FAB-4CFD-A33B-59A8C4EA16F1}.Debug|x64.Build.0 = Debug|Any CPU
		{BBE16ECA-1FAB-4CFD-A33B-59A8C4EA16F1}.Debug|x86.ActiveCfg = Debug|Any CPU
		{BBE16ECA-1FAB-4CFD-A33B-59A8C4EA16F1}.Debug|x86.Build.0 = Debug|Any CPU
		{BBE16ECA-1FAB-4CFD-A33B-59A8C4EA16F1}.Release|Any CPU.ActiveCfg = Release|Any CPU
		{BBE16ECA-1FAB-4CFD-A33B-59A8C4EA16F1}.Release|Any CPU.Build.0 = Release|Any CPU
		{BBE16ECA-1FAB-4CFD-A33B-59A8C4EA16F1}.Release|x64.ActiveCfg = Release|Any CPU
		{BBE16ECA-1FAB-4CFD-A33B-59A8C4EA16F1}.Release|x64.Build.0 = Release|Any CPU
		{BBE16ECA-1FAB-4CFD-A33B-59A8C4EA16F1}.Release|x86.ActiveCfg = Release|Any CPU
		{BBE16ECA-1FAB-4CFD-A33B-59A8C4EA16F1}.Release|x86.Build.0 = Release|Any CPU
		{DD31DEF4-9410-45DF-8079-E24CC500BD8E}.Debug|Any CPU.ActiveCfg = Debug|Any CPU
		{DD31DEF4-9410-45DF-8079-E24CC500BD8E}.Debug|Any CPU.Build.0 = Debug|Any CPU
		{DD31DEF4-9410-45DF-8079-E24CC500BD8E}.Debug|x64.ActiveCfg = Debug|Any CPU
		{DD31DEF4-9410-45DF-8079-E24CC500BD8E}.Debug|x64.Build.0 = Debug|Any CPU
		{DD31DEF4-9410-45DF-8079-E24CC500BD8E}.Debug|x86.ActiveCfg = Debug|Any CPU
		{DD31DEF4-9410-45DF-8079-E24CC500BD8E}.Debug|x86.Build.0 = Debug|Any CPU
		{DD31DEF4-9410-45DF-8079-E24CC500BD8E}.Release|Any CPU.ActiveCfg = Release|Any CPU
		{DD31DEF4-9410-45DF-8079-E24CC500BD8E}.Release|Any CPU.Build.0 = Release|Any CPU
		{DD31DEF4-9410-45DF-8079-E24CC500BD8E}.Release|x64.ActiveCfg = Release|Any CPU
		{DD31DEF4-9410-45DF-8079-E24CC500BD8E}.Release|x64.Build.0 = Release|Any CPU
		{DD31DEF4-9410-45DF-8079-E24CC500BD8E}.Release|x86.ActiveCfg = Release|Any CPU
		{DD31DEF4-9410-45DF-8079-E24CC500BD8E}.Release|x86.Build.0 = Release|Any CPU
		{7D6D12FD-D3BE-4F8B-85E5-7EF992450626}.Debug|Any CPU.ActiveCfg = Debug|Any CPU
		{7D6D12FD-D3BE-4F8B-85E5-7EF992450626}.Debug|Any CPU.Build.0 = Debug|Any CPU
		{7D6D12FD-D3BE-4F8B-85E5-7EF992450626}.Debug|x64.ActiveCfg = Debug|Any CPU
		{7D6D12FD-D3BE-4F8B-85E5-7EF992450626}.Debug|x64.Build.0 = Debug|Any CPU
		{7D6D12FD-D3BE-4F8B-85E5-7EF992450626}.Debug|x86.ActiveCfg = Debug|Any CPU
		{7D6D12FD-D3BE-4F8B-85E5-7EF992450626}.Debug|x86.Build.0 = Debug|Any CPU
		{7D6D12FD-D3BE-4F8B-85E5-7EF992450626}.Release|Any CPU.ActiveCfg = Release|Any CPU
		{7D6D12FD-D3BE-4F8B-85E5-7EF992450626}.Release|Any CPU.Build.0 = Release|Any CPU
		{7D6D12FD-D3BE-4F8B-85E5-7EF992450626}.Release|x64.ActiveCfg = Release|Any CPU
		{7D6D12FD-D3BE-4F8B-85E5-7EF992450626}.Release|x64.Build.0 = Release|Any CPU
		{7D6D12FD-D3BE-4F8B-85E5-7EF992450626}.Release|x86.ActiveCfg = Release|Any CPU
		{7D6D12FD-D3BE-4F8B-85E5-7EF992450626}.Release|x86.Build.0 = Release|Any CPU
		{419D4834-D298-40B5-B377-D0A39C28CCFA}.Debug|Any CPU.ActiveCfg = Debug|Any CPU
		{419D4834-D298-40B5-B377-D0A39C28CCFA}.Debug|Any CPU.Build.0 = Debug|Any CPU
		{419D4834-D298-40B5-B377-D0A39C28CCFA}.Debug|x64.ActiveCfg = Debug|Any CPU
		{419D4834-D298-40B5-B377-D0A39C28CCFA}.Debug|x64.Build.0 = Debug|Any CPU
		{419D4834-D298-40B5-B377-D0A39C28CCFA}.Debug|x86.ActiveCfg = Debug|Any CPU
		{419D4834-D298-40B5-B377-D0A39C28CCFA}.Debug|x86.Build.0 = Debug|Any CPU
		{419D4834-D298-40B5-B377-D0A39C28CCFA}.Release|Any CPU.ActiveCfg = Release|Any CPU
		{419D4834-D298-40B5-B377-D0A39C28CCFA}.Release|Any CPU.Build.0 = Release|Any CPU
		{419D4834-D298-40B5-B377-D0A39C28CCFA}.Release|x64.ActiveCfg = Release|Any CPU
		{419D4834-D298-40B5-B377-D0A39C28CCFA}.Release|x64.Build.0 = Release|Any CPU
		{419D4834-D298-40B5-B377-D0A39C28CCFA}.Release|x86.ActiveCfg = Release|Any CPU
		{419D4834-D298-40B5-B377-D0A39C28CCFA}.Release|x86.Build.0 = Release|Any CPU
		{21B65BC6-0C7F-42AA-BDA9-78BD9302ABEC}.Debug|Any CPU.ActiveCfg = Debug|Any CPU
		{21B65BC6-0C7F-42AA-BDA9-78BD9302ABEC}.Debug|Any CPU.Build.0 = Debug|Any CPU
		{21B65BC6-0C7F-42AA-BDA9-78BD9302ABEC}.Debug|x64.ActiveCfg = Debug|Any CPU
		{21B65BC6-0C7F-42AA-BDA9-78BD9302ABEC}.Debug|x64.Build.0 = Debug|Any CPU
		{21B65BC6-0C7F-42AA-BDA9-78BD9302ABEC}.Debug|x86.ActiveCfg = Debug|Any CPU
		{21B65BC6-0C7F-42AA-BDA9-78BD9302ABEC}.Debug|x86.Build.0 = Debug|Any CPU
		{21B65BC6-0C7F-42AA-BDA9-78BD9302ABEC}.Release|Any CPU.ActiveCfg = Release|Any CPU
		{21B65BC6-0C7F-42AA-BDA9-78BD9302ABEC}.Release|Any CPU.Build.0 = Release|Any CPU
		{21B65BC6-0C7F-42AA-BDA9-78BD9302ABEC}.Release|x64.ActiveCfg = Release|Any CPU
		{21B65BC6-0C7F-42AA-BDA9-78BD9302ABEC}.Release|x64.Build.0 = Release|Any CPU
		{21B65BC6-0C7F-42AA-BDA9-78BD9302ABEC}.Release|x86.ActiveCfg = Release|Any CPU
		{21B65BC6-0C7F-42AA-BDA9-78BD9302ABEC}.Release|x86.Build.0 = Release|Any CPU
	EndGlobalSection
	GlobalSection(NestedProjects) = preSolution
		{EA582B73-EC22-4F61-BA4A-662525970220} = {9D790826-9DB8-4531-B21E-107467129508}
		{052ECEF3-05BB-4775-891D-4A7AF7EA7983} = {EA582B73-EC22-4F61-BA4A-662525970220}
		{4F12E5B4-1AA3-405A-BDC0-C8A77B6CC612} = {9D790826-9DB8-4531-B21E-107467129508}
		{F6CEE077-3A71-497F-A363-11C038CE1F56} = {4F12E5B4-1AA3-405A-BDC0-C8A77B6CC612}
		{1DEC3BEC-44E7-4EDF-8BF2-58E82F7B6EB4} = {9D790826-9DB8-4531-B21E-107467129508}
		{4BB0FEB8-66F3-4B9E-886C-210E07063D67} = {1DEC3BEC-44E7-4EDF-8BF2-58E82F7B6EB4}
		{AC460325-3B0D-4454-96E8-055F29BD0B19} = {1DEC3BEC-44E7-4EDF-8BF2-58E82F7B6EB4}
		{502986C1-DEDD-4B1B-B039-9BB7E7770905} = {9D790826-9DB8-4531-B21E-107467129508}
		{3B2313F9-F25F-49AE-82F6-8C79B42BCBE0} = {502986C1-DEDD-4B1B-B039-9BB7E7770905}
		{2577759D-D8BD-45F9-8525-5FF7406B7D5A} = {502986C1-DEDD-4B1B-B039-9BB7E7770905}
		{BBE16ECA-1FAB-4CFD-A33B-59A8C4EA16F1} = {502986C1-DEDD-4B1B-B039-9BB7E7770905}
		{DD31DEF4-9410-45DF-8079-E24CC500BD8E} = {502986C1-DEDD-4B1B-B039-9BB7E7770905}
		{7D6D12FD-D3BE-4F8B-85E5-7EF992450626} = {5D4423FD-2339-407F-A6A7-AF766241222F}
		{419D4834-D298-40B5-B377-D0A39C28CCFA} = {5D4423FD-2339-407F-A6A7-AF766241222F}
		{21B65BC6-0C7F-42AA-BDA9-78BD9302ABEC} = {E92DBCF9-13D8-46B6-AA2E-420CE09BD594}
	EndGlobalSection
EndGlobal
